
Microsoft Visual Studio Solution File, Format Version 12.00
# Visual Studio Version 17
VisualStudioVersion = 17.11.35222.181
MinimumVisualStudioVersion = 10.0.40219.1
Project("{9A19103F-16F7-4668-BE54-9A1E7A4F7556}") = "DzFromTumakov", "DzFromTumakov\DzFromTumakov.csproj", "{411BF5DD-D0FE-4B00-9A94-836A07F8A438}"
EndProject
Project("{FAE04EC0-301F-11D3-BF4B-00C04F79EFBC}") = "VeterinaryClinic", "VeterinaryClinic\VeterinaryClinic.csproj", "{1F732F5A-0579-414D-8A5C-AA91AF00244E}"
EndProject
Global
	GlobalSection(SolutionConfigurationPlatforms) = preSolution
		Debug|Any CPU = Debug|Any CPU
		Release|Any CPU = Release|Any CPU
	EndGlobalSection
	GlobalSection(ProjectConfigurationPlatforms) = postSolution
		{411BF5DD-D0FE-4B00-9A94-836A07F8A438}.Debug|Any CPU.ActiveCfg = Debug|Any CPU
		{411BF5DD-D0FE-4B00-9A94-836A07F8A438}.Debug|Any CPU.Build.0 = Debug|Any CPU
		{411BF5DD-D0FE-4B00-9A94-836A07F8A438}.Release|Any CPU.ActiveCfg = Release|Any CPU
		{411BF5DD-D0FE-4B00-9A94-836A07F8A438}.Release|Any CPU.Build.0 = Release|Any CPU
		{1F732F5A-0579-414D-8A5C-AA91AF00244E}.Debug|Any CPU.ActiveCfg = Debug|Any CPU
		{1F732F5A-0579-414D-8A5C-AA91AF00244E}.Debug|Any CPU.Build.0 = Debug|Any CPU
		{1F732F5A-0579-414D-8A5C-AA91AF00244E}.Release|Any CPU.ActiveCfg = Release|Any CPU
		{1F732F5A-0579-414D-8A5C-AA91AF00244E}.Release|Any CPU.Build.0 = Release|Any CPU
	EndGlobalSection
	GlobalSection(SolutionProperties) = preSolution
		HideSolutionNode = FALSE
	EndGlobalSection
	GlobalSection(ExtensibilityGlobals) = postSolution
		SolutionGuid = {D3FFE296-90F6-4E1C-B499-130BF1EC2733}
	EndGlobalSection
EndGlobal
